
Microsoft Visual Studio Solution File, Format Version 12.00
# Visual Studio Version 17
VisualStudioVersion = 17.1.32210.238
MinimumVisualStudioVersion = 10.0.40219.1
Project("{FAE04EC0-301F-11D3-BF4B-00C04F79EFBC}") = "WinFormsApp1", "WinFormsApp1\WinFormsApp1.csproj", "{DDA99D7D-FA42-400B-8B0D-9866B987C6A3}"
EndProject
Global
	GlobalSection(SolutionConfigurationPlatforms) = preSolution
		Debug|Any CPU = Debug|Any CPU
		Release|Any CPU = Release|Any CPU
	EndGlobalSection
	GlobalSection(ProjectConfigurationPlatforms) = postSolution
		{DDA99D7D-FA42-400B-8B0D-9866B987C6A3}.Debug|Any CPU.ActiveCfg = Debug|Any CPU
		{DDA99D7D-FA42-400B-8B0D-9866B987C6A3}.Debug|Any CPU.Build.0 = Debug|Any CPU
		{DDA99D7D-FA42-400B-8B0D-9866B987C6A3}.Release|Any CPU.ActiveCfg = Release|Any CPU
		{DDA99D7D-FA42-400B-8B0D-9866B987C6A3}.Release|Any CPU.Build.0 = Release|Any CPU
	EndGlobalSection
	GlobalSection(SolutionProperties) = preSolution
		HideSolutionNode = FALSE
	EndGlobalSection
	GlobalSection(ExtensibilityGlobals) = postSolution
		SolutionGuid = {FBA83E5C-D239-4AB6-8212-9F5F8D4036A2}
	EndGlobalSection
EndGlobal
